{
  "name": "leaflet-start",
  "version": "1.0.0",
  "lockfileVersion": 1,
  "requires": true,
  "dependencies": {
    "@types/geojson": {
      "version": "7946.0.4",
      "resolved": "https://registry.npmjs.org/@types/geojson/-/geojson-7946.0.4.tgz",
      "integrity": "sha512-MHmwBtCb7OCv1DSivz2UNJXPGU/1btAWRKlqJ2saEhVJkpkvqHMMaOpKg0v4sAbDWSQekHGvPVMM8nQ+Jen03Q==",
      "dev": true
    },
    "@types/leaflet": {
      "version": "1.2.11",
      "resolved": "https://registry.npmjs.org/@types/leaflet/-/leaflet-1.2.11.tgz",
      "integrity": "sha512-mFr7FkRvxtf9KvensAlss/o78CJ5UumvckwM+0xqF9jxgbMh0gVZq57kUe6jTqybQEavFgqIlSXzTnx3CRG/QQ==",
      "dev": true,
      "requires": {
        "@types/geojson": "*"
      }
    }
  }
}
