# THIS IS AN AUTOGENERATED FILE. DO NOT EDIT THIS FILE DIRECTLY.
# yarn lockfile v1


sax@^1.2.4:
  version "1.2.4"
  resolved "https://registry.npmjs.org/sax/-/sax-1.2.4.tgz#2816234e2378bddc4e5354fab5caa895df7100d9"

x2js@^3.2.3:
  version "3.2.3"
  resolved "https://registry.npmjs.org/x2js/-/x2js-3.2.3.tgz#b59c0c5f18d36c7391b8a1db068e2bc10132c960"
  dependencies:
    xmldom "^0.1.19"

xml-js@^1.6.8:
  version "1.6.8"
  resolved "https://registry.npmjs.org/xml-js/-/xml-js-1.6.8.tgz#e06419c54235f18f4c2cdda824cbd65a782330de"
  dependencies:
    sax "^1.2.4"

xmldom@^0.1.19:
  version "0.1.27"
  resolved "https://registry.npmjs.org/xmldom/-/xmldom-0.1.27.tgz#d501f97b3bdb403af8ef9ecc20573187aadac0e9"
